// !$*UTF8*$!
{
	archiveVersion = 1;
	classes = {
	};
	objectVersion = 50;
	objects = {

/* Begin PBXBuildFile section */
		180F162623FACFFB0095E573 /* ArticleDetail.swift in Sources */ = {isa = PBXBuildFile; fileRef = 180F162523FACFFB0095E573 /* ArticleDetail.swift */; };
		180F162823FAD0230095E573 /* ArticleOriginal.swift in Sources */ = {isa = PBXBuildFile; fileRef = 180F162723FAD0230095E573 /* ArticleOriginal.swift */; };
		1860FBC123FA904F0093CD26 /* AppDelegate.swift in Sources */ = {isa = PBXBuildFile; fileRef = 1860FBC023FA904F0093CD26 /* AppDelegate.swift */; };
		1860FBC323FA904F0093CD26 /* SceneDelegate.swift in Sources */ = {isa = PBXBuildFile; fileRef = 1860FBC223FA904F0093CD26 /* SceneDelegate.swift */; };
		1860FBC523FA904F0093CD26 /* ViewController.swift in Sources */ = {isa = PBXBuildFile; fileRef = 1860FBC423FA904F0093CD26 /* ViewController.swift */; };
		1860FBC823FA904F0093CD26 /* Main.storyboard in Resources */ = {isa = PBXBuildFile; fileRef = 1860FBC623FA904F0093CD26 /* Main.storyboard */; };
		1860FBCA23FA90510093CD26 /* Assets.xcassets in Resources */ = {isa = PBXBuildFile; fileRef = 1860FBC923FA90510093CD26 /* Assets.xcassets */; };
		1860FBCD23FA90510093CD26 /* LaunchScreen.storyboard in Resources */ = {isa = PBXBuildFile; fileRef = 1860FBCB23FA90510093CD26 /* LaunchScreen.storyboard */; };
		1860FBD823FA90510093CD26 /* MobTrProjectTests.swift in Sources */ = {isa = PBXBuildFile; fileRef = 1860FBD723FA90510093CD26 /* MobTrProjectTests.swift */; };
		1860FBE323FA91310093CD26 /* ArticleTableViewController.swift in Sources */ = {isa = PBXBuildFile; fileRef = 1860FBE223FA91310093CD26 /* ArticleTableViewController.swift */; };
		1860FBE523FAA8CC0093CD26 /* ArticleTableViewCell.swift in Sources */ = {isa = PBXBuildFile; fileRef = 1860FBE423FAA8CC0093CD26 /* ArticleTableViewCell.swift */; };
/* End PBXBuildFile section */

/* Begin PBXContainerItemProxy section */
		1860FBD423FA90510093CD26 /* PBXContainerItemProxy */ = {
			isa = PBXContainerItemProxy;
			containerPortal = 1860FBB523FA904F0093CD26 /* Project object */;
			proxyType = 1;
			remoteGlobalIDString = 1860FBBC23FA904F0093CD26;
			remoteInfo = MobTrProject;
		};
/* End PBXContainerItemProxy section */

/* Begin PBXFileReference section */
		180F162523FACFFB0095E573 /* ArticleDetail.swift */ = {isa = PBXFileReference; lastKnownFileType = sourcecode.swift; path = ArticleDetail.swift; sourceTree = "<group>"; };
		180F162723FAD0230095E573 /* ArticleOriginal.swift */ = {isa = PBXFileReference; lastKnownFileType = sourcecode.swift; path = ArticleOriginal.swift; sourceTree = "<group>"; };
		1860FBBD23FA904F0093CD26 /* MobTrProject.app */ = {isa = PBXFileReference; explicitFileType = wrapper.application; includeInIndex = 0; path = MobTrProject.app; sourceTree = BUILT_PRODUCTS_DIR; };
		1860FBC023FA904F0093CD26 /* AppDelegate.swift */ = {isa = PBXFileReference; lastKnownFileType = sourcecode.swift; path = AppDelegate.swift; sourceTree = "<group>"; };
		1860FBC223FA904F0093CD26 /* SceneDelegate.swift */ = {isa = PBXFileReference; lastKnownFileType = sourcecode.swift; path = SceneDelegate.swift; sourceTree = "<group>"; };
		1860FBC423FA904F0093CD26 /* ViewController.swift */ = {isa = PBXFileReference; lastKnownFileType = sourcecode.swift; path = ViewController.swift; sourceTree = "<group>"; };
		1860FBC723FA904F0093CD26 /* Base */ = {isa = PBXFileReference; lastKnownFileType = file.storyboard; name = Base; path = Base.lproj/Main.storyboard; sourceTree = "<group>"; };
		1860FBC923FA90510093CD26 /* Assets.xcassets */ = {isa = PBXFileReference; lastKnownFileType = folder.assetcatalog; path = Assets.xcassets; sourceTree = "<group>"; };
		1860FBCC23FA90510093CD26 /* Base */ = {isa = PBXFileReference; lastKnownFileType = file.storyboard; name = Base; path = Base.lproj/LaunchScreen.storyboard; sourceTree = "<group>"; };
		1860FBCE23FA90510093CD26 /* Info.plist */ = {isa = PBXFileReference; lastKnownFileType = text.plist.xml; path = Info.plist; sourceTree = "<group>"; };
		1860FBD323FA90510093CD26 /* MobTrProjectTests.xctest */ = {isa = PBXFileReference; explicitFileType = wrapper.cfbundle; includeInIndex = 0; path = MobTrProjectTests.xctest; sourceTree = BUILT_PRODUCTS_DIR; };
		1860FBD723FA90510093CD26 /* MobTrProjectTests.swift */ = {isa = PBXFileReference; lastKnownFileType = sourcecode.swift; path = MobTrProjectTests.swift; sourceTree = "<group>"; };
		1860FBD923FA90510093CD26 /* Info.plist */ = {isa = PBXFileReference; lastKnownFileType = text.plist.xml; path = Info.plist; sourceTree = "<group>"; };
		1860FBE223FA91310093CD26 /* ArticleTableViewController.swift */ = {isa = PBXFileReference; lastKnownFileType = sourcecode.swift; path = ArticleTableViewController.swift; sourceTree = "<group>"; };
		1860FBE423FAA8CC0093CD26 /* ArticleTableViewCell.swift */ = {isa = PBXFileReference; lastKnownFileType = sourcecode.swift; path = ArticleTableViewCell.swift; sourceTree = "<group>"; };
/* End PBXFileReference section */

/* Begin PBXFrameworksBuildPhase section */
		1860FBBA23FA904F0093CD26 /* Frameworks */ = {
			isa = PBXFrameworksBuildPhase;
			buildActionMask = 2147483647;
			files = (
			);
			runOnlyForDeploymentPostprocessing = 0;
		};
		1860FBD023FA90510093CD26 /* Frameworks */ = {
			isa = PBXFrameworksBuildPhase;
			buildActionMask = 2147483647;
			files = (
			);
			runOnlyForDeploymentPostprocessing = 0;
		};
/* End PBXFrameworksBuildPhase section */

/* Begin PBXGroup section */
		1860FBB423FA904F0093CD26 = {
			isa = PBXGroup;
			children = (
				1860FBBF23FA904F0093CD26 /* MobTrProject */,
				1860FBD623FA90510093CD26 /* MobTrProjectTests */,
				1860FBBE23FA904F0093CD26 /* Products */,
			);
			sourceTree = "<group>";
		};
		1860FBBE23FA904F0093CD26 /* Products */ = {
			isa = PBXGroup;
			children = (
				1860FBBD23FA904F0093CD26 /* MobTrProject.app */,
				1860FBD323FA90510093CD26 /* MobTrProjectTests.xctest */,
			);
			name = Products;
			sourceTree = "<group>";
		};
		1860FBBF23FA904F0093CD26 /* MobTrProject */ = {
			isa = PBXGroup;
			children = (
				1860FBC023FA904F0093CD26 /* AppDelegate.swift */,
				1860FBC223FA904F0093CD26 /* SceneDelegate.swift */,
				1860FBC423FA904F0093CD26 /* ViewController.swift */,
				1860FBC623FA904F0093CD26 /* Main.storyboard */,
				1860FBE423FAA8CC0093CD26 /* ArticleTableViewCell.swift */,
				1860FBC923FA90510093CD26 /* Assets.xcassets */,
				1860FBCB23FA90510093CD26 /* LaunchScreen.storyboard */,
				1860FBCE23FA90510093CD26 /* Info.plist */,
				1860FBE223FA91310093CD26 /* ArticleTableViewController.swift */,
				180F162523FACFFB0095E573 /* ArticleDetail.swift */,
				180F162723FAD0230095E573 /* ArticleOriginal.swift */,
			);
			path = MobTrProject;
			sourceTree = "<group>";
		};
		1860FBD623FA90510093CD26 /* MobTrProjectTests */ = {
			isa = PBXGroup;
			children = (
				1860FBD723FA90510093CD26 /* MobTrProjectTests.swift */,
				1860FBD923FA90510093CD26 /* Info.plist */,
			);
			path = MobTrProjectTests;
			sourceTree = "<group>";
		};
/* End PBXGroup section */

/* Begin PBXNativeTarget section */
		1860FBBC23FA904F0093CD26 /* MobTrProject */ = {
			isa = PBXNativeTarget;
			buildConfigurationList = 1860FBDC23FA90510093CD26 /* Build configuration list for PBXNativeTarget "MobTrProject" */;
			buildPhases = (
				1860FBB923FA904F0093CD26 /* Sources */,
				1860FBBA23FA904F0093CD26 /* Frameworks */,
				1860FBBB23FA904F0093CD26 /* Resources */,
			);
			buildRules = (
			);
			dependencies = (
			);
			name = MobTrProject;
			productName = MobTrProject;
			productReference = 1860FBBD23FA904F0093CD26 /* MobTrProject.app */;
			productType = "com.apple.product-type.application";
		};
		1860FBD223FA90510093CD26 /* MobTrProjectTests */ = {
			isa = PBXNativeTarget;
			buildConfigurationList = 1860FBDF23FA90510093CD26 /* Build configuration list for PBXNativeTarget "MobTrProjectTests" */;
			buildPhases = (
				1860FBCF23FA90510093CD26 /* Sources */,
				1860FBD023FA90510093CD26 /* Frameworks */,
				1860FBD123FA90510093CD26 /* Resources */,
			);
			buildRules = (
			);
			dependencies = (
				1860FBD523FA90510093CD26 /* PBXTargetDependency */,
			);
			name = MobTrProjectTests;
			productName = MobTrProjectTests;
			productReference = 1860FBD323FA90510093CD26 /* MobTrProjectTests.xctest */;
			productType = "com.apple.product-type.bundle.unit-test";
		};
/* End PBXNativeTarget section */

/* Begin PBXProject section */
		1860FBB523FA904F0093CD26 /* Project object */ = {
			isa = PBXProject;
			attributes = {
				LastSwiftUpdateCheck = 1130;
				LastUpgradeCheck = 1130;
				ORGANIZATIONNAME = apple;
				TargetAttributes = {
					1860FBBC23FA904F0093CD26 = {
						CreatedOnToolsVersion = 11.3.1;
					};
					1860FBD223FA90510093CD26 = {
						CreatedOnToolsVersion = 11.3.1;
						TestTargetID = 1860FBBC23FA904F0093CD26;
					};
				};
			};
			buildConfigurationList = 1860FBB823FA904F0093CD26 /* Build configuration list for PBXProject "MobTrProject" */;
			compatibilityVersion = "Xcode 9.3";
			developmentRegion = en;
			hasScannedForEncodings = 0;
			knownRegions = (
				en,
				Base,
			);
			mainGroup = 1860FBB423FA904F0093CD26;
			productRefGroup = 1860FBBE23FA904F0093CD26 /* Products */;
			projectDirPath = "";
			projectRoot = "";
			targets = (
				1860FBBC23FA904F0093CD26 /* MobTrProject */,
				1860FBD223FA90510093CD26 /* MobTrProjectTests */,
			);
		};
/* End PBXProject section */

/* Begin PBXResourcesBuildPhase section */
		1860FBBB23FA904F0093CD26 /* Resources */ = {
			isa = PBXResourcesBuildPhase;
			buildActionMask = 2147483647;
			files = (
				1860FBCD23FA90510093CD26 /* LaunchScreen.storyboard in Resources */,
				1860FBCA23FA90510093CD26 /* Assets.xcassets in Resources */,
				1860FBC823FA904F0093CD26 /* Main.storyboard in Resources */,
			);
			runOnlyForDeploymentPostprocessing = 0;
		};
		1860FBD123FA90510093CD26 /* Resources */ = {
			isa = PBXResourcesBuildPhase;
			buildActionMask = 2147483647;
			files = (
			);
			runOnlyForDeploymentPostprocessing = 0;
		};
/* End PBXResourcesBuildPhase section */

/* Begin PBXSourcesBuildPhase section */
		1860FBB923FA904F0093CD26 /* Sources */ = {
			isa = PBXSourcesBuildPhase;
			buildActionMask = 2147483647;
			files = (
				180F162823FAD0230095E573 /* ArticleOriginal.swift in Sources */,
				1860FBE523FAA8CC0093CD26 /* ArticleTableViewCell.swift in Sources */,
				1860FBE323FA91310093CD26 /* ArticleTableViewController.swift in Sources */,
				1860FBC523FA904F0093CD26 /* ViewController.swift in Sources */,
				1860FBC123FA904F0093CD26 /* AppDelegate.swift in Sources */,
				1860FBC323FA904F0093CD26 /* SceneDelegate.swift in Sources */,
				180F162623FACFFB0095E573 /* ArticleDetail.swift in Sources */,
			);
			runOnlyForDeploymentPostprocessing = 0;
		};
		1860FBCF23FA90510093CD26 /* Sources */ = {
			isa = PBXSourcesBuildPhase;
			buildActionMask = 2147483647;
			files = (
				1860FBD823FA90510093CD26 /* MobTrProjectTests.swift in Sources */,
			);
			runOnlyForDeploymentPostprocessing = 0;
		};
/* End PBXSourcesBuildPhase section */

/* Begin PBXTargetDependency section */
		1860FBD523FA90510093CD26 /* PBXTargetDependency */ = {
			isa = PBXTargetDependency;
			target = 1860FBBC23FA904F0093CD26 /* MobTrProject */;
			targetProxy = 1860FBD423FA90510093CD26 /* PBXContainerItemProxy */;
		};
/* End PBXTargetDependency section */

/* Begin PBXVariantGroup section */
		1860FBC623FA904F0093CD26 /* Main.storyboard */ = {
			isa = PBXVariantGroup;
			children = (
				1860FBC723FA904F0093CD26 /* Base */,
			);
			name = Main.storyboard;
			sourceTree = "<group>";
		};
		1860FBCB23FA90510093CD26 /* LaunchScreen.storyboard */ = {
			isa = PBXVariantGroup;
			children = (
				1860FBCC23FA90510093CD26 /* Base */,
			);
			name = LaunchScreen.storyboard;
			sourceTree = "<group>";
		};
/* End PBXVariantGroup section */

/* Begin XCBuildConfiguration section */
		1860FBDA23FA90510093CD26 /* Debug */ = {
			isa = XCBuildConfiguration;
			buildSettings = {
				ALWAYS_SEARCH_USER_PATHS = NO;
				CLANG_ANALYZER_NONNULL = YES;
				CLANG_ANALYZER_NUMBER_OBJECT_CONVERSION = YES_AGGRESSIVE;
				CLANG_CXX_LANGUAGE_STANDARD = "gnu++14";
				CLANG_CXX_LIBRARY = "libc++";
				CLANG_ENABLE_MODULES = YES;
				CLANG_ENABLE_OBJC_ARC = YES;
				CLANG_ENABLE_OBJC_WEAK = YES;
				CLANG_WARN_BLOCK_CAPTURE_AUTORELEASING = YES;
				CLANG_WARN_BOOL_CONVERSION = YES;
				CLANG_WARN_COMMA = YES;
				CLANG_WARN_CONSTANT_CONVERSION = YES;
				CLANG_WARN_DEPRECATED_OBJC_IMPLEMENTATIONS = YES;
				CLANG_WARN_DIRECT_OBJC_ISA_USAGE = YES_ERROR;
				CLANG_WARN_DOCUMENTATION_COMMENTS = YES;
				CLANG_WARN_EMPTY_BODY = YES;
				CLANG_WARN_ENUM_CONVERSION = YES;
				CLANG_WARN_INFINITE_RECURSION = YES;
				CLANG_WARN_INT_CONVERSION = YES;
				CLANG_WARN_NON_LITERAL_NULL_CONVERSION = YES;
				CLANG_WARN_OBJC_IMPLICIT_RETAIN_SELF = YES;
				CLANG_WARN_OBJC_LITERAL_CONVERSION = YES;
				CLANG_WARN_OBJC_ROOT_CLASS = YES_ERROR;
				CLANG_WARN_RANGE_LOOP_ANALYSIS = YES;
				CLANG_WARN_STRICT_PROTOTYPES = YES;
				CLANG_WARN_SUSPICIOUS_MOVE = YES;
				CLANG_WARN_UNGUARDED_AVAILABILITY = YES_AGGRESSIVE;
				CLANG_WARN_UNREACHABLE_CODE = YES;
				CLANG_WARN__DUPLICATE_METHOD_MATCH = YES;
				COPY_PHASE_STRIP = NO;
				DEBUG_INFORMATION_FORMAT = dwarf;
				ENABLE_STRICT_OBJC_MSGSEND = YES;
				ENABLE_TESTABILITY = YES;
				GCC_C_LANGUAGE_STANDARD = gnu11;
				GCC_DYNAMIC_NO_PIC = NO;
				GCC_NO_COMMON_BLOCKS = YES;
				GCC_OPTIMIZATION_LEVEL = 0;
				GCC_PREPROCESSOR_DEFINITIONS = (
					"DEBUG=1",
					"$(inherited)",
				);
				GCC_WARN_64_TO_32_BIT_CONVERSION = YES;
				GCC_WARN_ABOUT_RETURN_TYPE = YES_ERROR;
				GCC_WARN_UNDECLARED_SELECTOR = YES;
				GCC_WARN_UNINITIALIZED_AUTOS = YES_AGGRESSIVE;
				GCC_WARN_UNUSED_FUNCTION = YES;
				GCC_WARN_UNUSED_VARIABLE = YES;
				IPHONEOS_DEPLOYMENT_TARGET = 13.2;
				MTL_ENABLE_DEBUG_INFO = INCLUDE_SOURCE;
				MTL_FAST_MATH = YES;
				ONLY_ACTIVE_ARCH = YES;
				SDKROOT = iphoneos;
				SWIFT_ACTIVE_COMPILATION_CONDITIONS = DEBUG;
				SWIFT_OPTIMIZATION_LEVEL = "-Onone";
			};
			name = Debug;
		};
		1860FBDB23FA90510093CD26 /* Release */ = {
			isa = XCBuildConfiguration;
			buildSettings = {
				ALWAYS_SEARCH_USER_PATHS = NO;
				CLANG_ANALYZER_NONNULL = YES;
				CLANG_ANALYZER_NUMBER_OBJECT_CONVERSION = YES_AGGRESSIVE;
				CLANG_CXX_LANGUAGE_STANDARD = "gnu++14";
				CLANG_CXX_LIBRARY = "libc++";
				CLANG_ENABLE_MODULES = YES;
				CLANG_ENABLE_OBJC_ARC = YES;
				CLANG_ENABLE_OBJC_WEAK = YES;
				CLANG_WARN_BLOCK_CAPTURE_AUTORELEASING = YES;
				CLANG_WARN_BOOL_CONVERSION = YES;
				CLANG_WARN_COMMA = YES;
				CLANG_WARN_CONSTANT_CONVERSION = YES;
				CLANG_WARN_DEPRECATED_OBJC_IMPLEMENTATIONS = YES;
				CLANG_WARN_DIRECT_OBJC_ISA_USAGE = YES_ERROR;
				CLANG_WARN_DOCUMENTATION_COMMENTS = YES;
				CLANG_WARN_EMPTY_BODY = YES;
				CLANG_WARN_ENUM_CONVERSION = YES;
				CLANG_WARN_INFINITE_RECURSION = YES;
				CLANG_WARN_INT_CONVERSION = YES;
				CLANG_WARN_NON_LITERAL_NULL_CONVERSION = YES;
				CLANG_WARN_OBJC_IMPLICIT_RETAIN_SELF = YES;
				CLANG_WARN_OBJC_LITERAL_CONVERSION = YES;
				CLANG_WARN_OBJC_ROOT_CLASS = YES_ERROR;
				CLANG_WARN_RANGE_LOOP_ANALYSIS = YES;
				CLANG_WARN_STRICT_PROTOTYPES = YES;
				CLANG_WARN_SUSPICIOUS_MOVE = YES;
				CLANG_WARN_UNGUARDED_AVAILABILITY = YES_AGGRESSIVE;
				CLANG_WARN_UNREACHABLE_CODE = YES;
				CLANG_WARN__DUPLICATE_METHOD_MATCH = YES;
				COPY_PHASE_STRIP = NO;
				DEBUG_INFORMATION_FORMAT = "dwarf-with-dsym";
				ENABLE_NS_ASSERTIONS = NO;
				ENABLE_STRICT_OBJC_MSGSEND = YES;
				GCC_C_LANGUAGE_STANDARD = gnu11;
				GCC_NO_COMMON_BLOCKS = YES;
				GCC_WARN_64_TO_32_BIT_CONVERSION = YES;
				GCC_WARN_ABOUT_RETURN_TYPE = YES_ERROR;
				GCC_WARN_UNDECLARED_SELECTOR = YES;
				GCC_WARN_UNINITIALIZED_AUTOS = YES_AGGRESSIVE;
				GCC_WARN_UNUSED_FUNCTION = YES;
				GCC_WARN_UNUSED_VARIABLE = YES;
				IPHONEOS_DEPLOYMENT_TARGET = 13.2;
				MTL_ENABLE_DEBUG_INFO = NO;
				MTL_FAST_MATH = YES;
				SDKROOT = iphoneos;
				SWIFT_COMPILATION_MODE = wholemodule;
				SWIFT_OPTIMIZATION_LEVEL = "-O";
				VALIDATE_PRODUCT = YES;
			};
			name = Release;
		};
		1860FBDD23FA90510093CD26 /* Debug */ = {
			isa = XCBuildConfiguration;
			buildSettings = {
				ASSETCATALOG_COMPILER_APPICON_NAME = AppIcon;
				CODE_SIGN_STYLE = Automatic;
				DEVELOPMENT_TEAM = JXAMW92HWA;
				INFOPLIST_FILE = MobTrProject/Info.plist;
				LD_RUNPATH_SEARCH_PATHS = (
					"$(inherited)",
					"@executable_path/Frameworks",
				);
				PRODUCT_BUNDLE_IDENTIFIER = com.jl.com.MobTrProject;
				PRODUCT_NAME = "$(TARGET_NAME)";
				SWIFT_VERSION = 5.0;
				TARGETED_DEVICE_FAMILY = "1,2";
			};
			name = Debug;
		};
		1860FBDE23FA90510093CD26 /* Release */ = {
			isa = XCBuildConfiguration;
			buildSettings = {
				ASSETCATALOG_COMPILER_APPICON_NAME = AppIcon;
				CODE_SIGN_STYLE = Automatic;
				DEVELOPMENT_TEAM = JXAMW92HWA;
				INFOPLIST_FILE = MobTrProject/Info.plist;
				LD_RUNPATH_SEARCH_PATHS = (
					"$(inherited)",
					"@executable_path/Frameworks",
				);
				PRODUCT_BUNDLE_IDENTIFIER = com.jl.com.MobTrProject;
				PRODUCT_NAME = "$(TARGET_NAME)";
				SWIFT_VERSION = 5.0;
				TARGETED_DEVICE_FAMILY = "1,2";
			};
			name = Release;
		};
		1860FBE023FA90510093CD26 /* Debug */ = {
			isa = XCBuildConfiguration;
			buildSettings = {
				ALWAYS_EMBED_SWIFT_STANDARD_LIBRARIES = YES;
				BUNDLE_LOADER = "$(TEST_HOST)";
				CODE_SIGN_STYLE = Automatic;
				DEVELOPMENT_TEAM = JXAMW92HWA;
				INFOPLIST_FILE = MobTrProjectTests/Info.plist;
				IPHONEOS_DEPLOYMENT_TARGET = 13.2;
				LD_RUNPATH_SEARCH_PATHS = (
					"$(inherited)",
					"@executable_path/Frameworks",
					"@loader_path/Frameworks",
				);
				PRODUCT_BUNDLE_IDENTIFIER = com.jl.com.MobTrProjectTests;
				PRODUCT_NAME = "$(TARGET_NAME)";
				SWIFT_VERSION = 5.0;
				TARGETED_DEVICE_FAMILY = "1,2";
				TEST_HOST = "$(BUILT_PRODUCTS_DIR)/MobTrProject.app/MobTrProject";
			};
			name = Debug;
		};
		1860FBE123FA90510093CD26 /* Release */ = {
			isa = XCBuildConfiguration;
			buildSettings = {
				ALWAYS_EMBED_SWIFT_STANDARD_LIBRARIES = YES;
				BUNDLE_LOADER = "$(TEST_HOST)";
				CODE_SIGN_STYLE = Automatic;
				DEVELOPMENT_TEAM = JXAMW92HWA;
				INFOPLIST_FILE = MobTrProjectTests/Info.plist;
				IPHONEOS_DEPLOYMENT_TARGET = 13.2;
				LD_RUNPATH_SEARCH_PATHS = (
					"$(inherited)",
					"@executable_path/Frameworks",
					"@loader_path/Frameworks",
				);
				PRODUCT_BUNDLE_IDENTIFIER = com.jl.com.MobTrProjectTests;
				PRODUCT_NAME = "$(TARGET_NAME)";
				SWIFT_VERSION = 5.0;
				TARGETED_DEVICE_FAMILY = "1,2";
				TEST_HOST = "$(BUILT_PRODUCTS_DIR)/MobTrProject.app/MobTrProject";
			};
			name = Release;
		};
/* End XCBuildConfiguration section */

/* Begin XCConfigurationList section */
		1860FBB823FA904F0093CD26 /* Build configuration list for PBXProject "MobTrProject" */ = {
			isa = XCConfigurationList;
			buildConfigurations = (
				1860FBDA23FA90510093CD26 /* Debug */,
				1860FBDB23FA90510093CD26 /* Release */,
			);
			defaultConfigurationIsVisible = 0;
			defaultConfigurationName = Release;
		};
		1860FBDC23FA90510093CD26 /* Build configuration list for PBXNativeTarget "MobTrProject" */ = {
			isa = XCConfigurationList;
			buildConfigurations = (
				1860FBDD23FA90510093CD26 /* Debug */,
				1860FBDE23FA90510093CD26 /* Release */,
			);
			defaultConfigurationIsVisible = 0;
			defaultConfigurationName = Release;
		};
		1860FBDF23FA90510093CD26 /* Build configuration list for PBXNativeTarget "MobTrProjectTests" */ = {
			isa = XCConfigurationList;
			buildConfigurations = (
				1860FBE023FA90510093CD26 /* Debug */,
				1860FBE123FA90510093CD26 /* Release */,
			);
			defaultConfigurationIsVisible = 0;
			defaultConfigurationName = Release;
		};
/* End XCConfigurationList section */
	};
	rootObject = 1860FBB523FA904F0093CD26 /* Project object */;
}
